// !$*UTF8*$!
{
	archiveVersion = 1;
	classes = {
	};
	objectVersion = 56;
	objects = {

/* Begin PBXBuildFile section */
		2A12805529C3954B002ED4F3 /* AppDelegate.swift in Sources */ = {isa = PBXBuildFile; fileRef = 2A12805429C3954B002ED4F3 /* AppDelegate.swift */; };
		2A12805729C3954B002ED4F3 /* SceneDelegate.swift in Sources */ = {isa = PBXBuildFile; fileRef = 2A12805629C3954B002ED4F3 /* SceneDelegate.swift */; };
		2A12805C29C3954B002ED4F3 /* Main.storyboard in Resources */ = {isa = PBXBuildFile; fileRef = 2A12805A29C3954B002ED4F3 /* Main.storyboard */; };
		2A12805E29C3954B002ED4F3 /* Assets.xcassets in Resources */ = {isa = PBXBuildFile; fileRef = 2A12805D29C3954B002ED4F3 /* Assets.xcassets */; };
		2A12806129C3954B002ED4F3 /* LaunchScreen.storyboard in Resources */ = {isa = PBXBuildFile; fileRef = 2A12805F29C3954B002ED4F3 /* LaunchScreen.storyboard */; };
		2A12806C29C3954C002ED4F3 /* CounterTests.swift in Sources */ = {isa = PBXBuildFile; fileRef = 2A12806B29C3954C002ED4F3 /* CounterTests.swift */; };
		2A12807629C3954C002ED4F3 /* CounterUITests.swift in Sources */ = {isa = PBXBuildFile; fileRef = 2A12807529C3954C002ED4F3 /* CounterUITests.swift */; };
		2A12807829C3954C002ED4F3 /* CounterUITestsLaunchTests.swift in Sources */ = {isa = PBXBuildFile; fileRef = 2A12807729C3954C002ED4F3 /* CounterUITestsLaunchTests.swift */; };
		2A12808529C3C5B9002ED4F3 /* CounterVC.swift in Sources */ = {isa = PBXBuildFile; fileRef = 2A12808429C3C5B9002ED4F3 /* CounterVC.swift */; };
/* End PBXBuildFile section */

/* Begin PBXContainerItemProxy section */
		2A12806829C3954C002ED4F3 /* PBXContainerItemProxy */ = {
			isa = PBXContainerItemProxy;
			containerPortal = 2A12804929C3954A002ED4F3 /* Project object */;
			proxyType = 1;
			remoteGlobalIDString = 2A12805029C3954B002ED4F3;
			remoteInfo = Counter;
		};
		2A12807229C3954C002ED4F3 /* PBXContainerItemProxy */ = {
			isa = PBXContainerItemProxy;
			containerPortal = 2A12804929C3954A002ED4F3 /* Project object */;
			proxyType = 1;
			remoteGlobalIDString = 2A12805029C3954B002ED4F3;
			remoteInfo = Counter;
		};
/* End PBXContainerItemProxy section */

/* Begin PBXFileReference section */
		2A12805129C3954B002ED4F3 /* Counter.app */ = {isa = PBXFileReference; explicitFileType = wrapper.application; includeInIndex = 0; path = Counter.app; sourceTree = BUILT_PRODUCTS_DIR; };
		2A12805429C3954B002ED4F3 /* AppDelegate.swift */ = {isa = PBXFileReference; lastKnownFileType = sourcecode.swift; path = AppDelegate.swift; sourceTree = "<group>"; };
		2A12805629C3954B002ED4F3 /* SceneDelegate.swift */ = {isa = PBXFileReference; lastKnownFileType = sourcecode.swift; path = SceneDelegate.swift; sourceTree = "<group>"; };
		2A12805B29C3954B002ED4F3 /* Base */ = {isa = PBXFileReference; lastKnownFileType = file.storyboard; name = Base; path = Base.lproj/Main.storyboard; sourceTree = "<group>"; };
		2A12805D29C3954B002ED4F3 /* Assets.xcassets */ = {isa = PBXFileReference; lastKnownFileType = folder.assetcatalog; path = Assets.xcassets; sourceTree = "<group>"; };
		2A12806029C3954B002ED4F3 /* Base */ = {isa = PBXFileReference; lastKnownFileType = file.storyboard; name = Base; path = Base.lproj/LaunchScreen.storyboard; sourceTree = "<group>"; };
		2A12806229C3954B002ED4F3 /* Info.plist */ = {isa = PBXFileReference; lastKnownFileType = text.plist.xml; path = Info.plist; sourceTree = "<group>"; };
		2A12806729C3954C002ED4F3 /* CounterTests.xctest */ = {isa = PBXFileReference; explicitFileType = wrapper.cfbundle; includeInIndex = 0; path = CounterTests.xctest; sourceTree = BUILT_PRODUCTS_DIR; };
		2A12806B29C3954C002ED4F3 /* CounterTests.swift */ = {isa = PBXFileReference; lastKnownFileType = sourcecode.swift; path = CounterTests.swift; sourceTree = "<group>"; };
		2A12807129C3954C002ED4F3 /* CounterUITests.xctest */ = {isa = PBXFileReference; explicitFileType = wrapper.cfbundle; includeInIndex = 0; path = CounterUITests.xctest; sourceTree = BUILT_PRODUCTS_DIR; };
		2A12807529C3954C002ED4F3 /* CounterUITests.swift */ = {isa = PBXFileReference; lastKnownFileType = sourcecode.swift; path = CounterUITests.swift; sourceTree = "<group>"; };
		2A12807729C3954C002ED4F3 /* CounterUITestsLaunchTests.swift */ = {isa = PBXFileReference; lastKnownFileType = sourcecode.swift; path = CounterUITestsLaunchTests.swift; sourceTree = "<group>"; };
		2A12808429C3C5B9002ED4F3 /* CounterVC.swift */ = {isa = PBXFileReference; lastKnownFileType = sourcecode.swift; path = CounterVC.swift; sourceTree = "<group>"; };
/* End PBXFileReference section */

/* Begin PBXFrameworksBuildPhase section */
		2A12804E29C3954B002ED4F3 /* Frameworks */ = {
			isa = PBXFrameworksBuildPhase;
			buildActionMask = 2147483647;
			files = (
			);
			runOnlyForDeploymentPostprocessing = 0;
		};
		2A12806429C3954C002ED4F3 /* Frameworks */ = {
			isa = PBXFrameworksBuildPhase;
			buildActionMask = 2147483647;
			files = (
			);
			runOnlyForDeploymentPostprocessing = 0;
		};
		2A12806E29C3954C002ED4F3 /* Frameworks */ = {
			isa = PBXFrameworksBuildPhase;
			buildActionMask = 2147483647;
			files = (
			);
			runOnlyForDeploymentPostprocessing = 0;
		};
/* End PBXFrameworksBuildPhase section */

/* Begin PBXGroup section */
		2A12804829C3954A002ED4F3 = {
			isa = PBXGroup;
			children = (
				2A12805329C3954B002ED4F3 /* Counter */,
				2A12806A29C3954C002ED4F3 /* CounterTests */,
				2A12807429C3954C002ED4F3 /* CounterUITests */,
				2A12805229C3954B002ED4F3 /* Products */,
			);
			sourceTree = "<group>";
		};
		2A12805229C3954B002ED4F3 /* Products */ = {
			isa = PBXGroup;
			children = (
				2A12805129C3954B002ED4F3 /* Counter.app */,
				2A12806729C3954C002ED4F3 /* CounterTests.xctest */,
				2A12807129C3954C002ED4F3 /* CounterUITests.xctest */,
			);
			name = Products;
			sourceTree = "<group>";
		};
		2A12805329C3954B002ED4F3 /* Counter */ = {
			isa = PBXGroup;
			children = (
				2A12805429C3954B002ED4F3 /* AppDelegate.swift */,
				2A12805629C3954B002ED4F3 /* SceneDelegate.swift */,
				2A12805A29C3954B002ED4F3 /* Main.storyboard */,
				2A12808429C3C5B9002ED4F3 /* CounterVC.swift */,
				2A12805D29C3954B002ED4F3 /* Assets.xcassets */,
				2A12805F29C3954B002ED4F3 /* LaunchScreen.storyboard */,
				2A12806229C3954B002ED4F3 /* Info.plist */,
			);
			path = Counter;
			sourceTree = "<group>";
		};
		2A12806A29C3954C002ED4F3 /* CounterTests */ = {
			isa = PBXGroup;
			children = (
				2A12806B29C3954C002ED4F3 /* CounterTests.swift */,
			);
			path = CounterTests;
			sourceTree = "<group>";
		};
		2A12807429C3954C002ED4F3 /* CounterUITests */ = {
			isa = PBXGroup;
			children = (
				2A12807529C3954C002ED4F3 /* CounterUITests.swift */,
				2A12807729C3954C002ED4F3 /* CounterUITestsLaunchTests.swift */,
			);
			path = CounterUITests;
			sourceTree = "<group>";
		};
/* End PBXGroup section */

/* Begin PBXNativeTarget section */
		2A12805029C3954B002ED4F3 /* Counter */ = {
			isa = PBXNativeTarget;
			buildConfigurationList = 2A12807B29C3954C002ED4F3 /* Build configuration list for PBXNativeTarget "Counter" */;
			buildPhases = (
				2A12804D29C3954B002ED4F3 /* Sources */,
				2A12804E29C3954B002ED4F3 /* Frameworks */,
				2A12804F29C3954B002ED4F3 /* Resources */,
			);
			buildRules = (
			);
			dependencies = (
			);
			name = Counter;
			productName = Counter;
			productReference = 2A12805129C3954B002ED4F3 /* Counter.app */;
			productType = "com.apple.product-type.application";
		};
		2A12806629C3954C002ED4F3 /* CounterTests */ = {
			isa = PBXNativeTarget;
			buildConfigurationList = 2A12807E29C3954C002ED4F3 /* Build configuration list for PBXNativeTarget "CounterTests" */;
			buildPhases = (
				2A12806329C3954C002ED4F3 /* Sources */,
				2A12806429C3954C002ED4F3 /* Frameworks */,
				2A12806529C3954C002ED4F3 /* Resources */,
			);
			buildRules = (
			);
			dependencies = (
				2A12806929C3954C002ED4F3 /* PBXTargetDependency */,
			);
			name = CounterTests;
			productName = CounterTests;
			productReference = 2A12806729C3954C002ED4F3 /* CounterTests.xctest */;
			productType = "com.apple.product-type.bundle.unit-test";
		};
		2A12807029C3954C002ED4F3 /* CounterUITests */ = {
			isa = PBXNativeTarget;
			buildConfigurationList = 2A12808129C3954C002ED4F3 /* Build configuration list for PBXNativeTarget "CounterUITests" */;
			buildPhases = (
				2A12806D29C3954C002ED4F3 /* Sources */,
				2A12806E29C3954C002ED4F3 /* Frameworks */,
				2A12806F29C3954C002ED4F3 /* Resources */,
			);
			buildRules = (
			);
			dependencies = (
				2A12807329C3954C002ED4F3 /* PBXTargetDependency */,
			);
			name = CounterUITests;
			productName = CounterUITests;
			productReference = 2A12807129C3954C002ED4F3 /* CounterUITests.xctest */;
			productType = "com.apple.product-type.bundle.ui-testing";
		};
/* End PBXNativeTarget section */

/* Begin PBXProject section */
		2A12804929C3954A002ED4F3 /* Project object */ = {
			isa = PBXProject;
			attributes = {
				BuildIndependentTargetsInParallel = 1;
				LastSwiftUpdateCheck = 1420;
				LastUpgradeCheck = 1420;
				TargetAttributes = {
					2A12805029C3954B002ED4F3 = {
						CreatedOnToolsVersion = 14.2;
					};
					2A12806629C3954C002ED4F3 = {
						CreatedOnToolsVersion = 14.2;
						TestTargetID = 2A12805029C3954B002ED4F3;
					};
					2A12807029C3954C002ED4F3 = {
						CreatedOnToolsVersion = 14.2;
						TestTargetID = 2A12805029C3954B002ED4F3;
					};
				};
			};
			buildConfigurationList = 2A12804C29C3954A002ED4F3 /* Build configuration list for PBXProject "Counter" */;
			compatibilityVersion = "Xcode 14.0";
			developmentRegion = en;
			hasScannedForEncodings = 0;
			knownRegions = (
				en,
				Base,
			);
			mainGroup = 2A12804829C3954A002ED4F3;
			productRefGroup = 2A12805229C3954B002ED4F3 /* Products */;
			projectDirPath = "";
			projectRoot = "";
			targets = (
				2A12805029C3954B002ED4F3 /* Counter */,
				2A12806629C3954C002ED4F3 /* CounterTests */,
				2A12807029C3954C002ED4F3 /* CounterUITests */,
			);
		};
/* End PBXProject section */

/* Begin PBXResourcesBuildPhase section */
		2A12804F29C3954B002ED4F3 /* Resources */ = {
			isa = PBXResourcesBuildPhase;
			buildActionMask = 2147483647;
			files = (
				2A12806129C3954B002ED4F3 /* LaunchScreen.storyboard in Resources */,
				2A12805E29C3954B002ED4F3 /* Assets.xcassets in Resources */,
				2A12805C29C3954B002ED4F3 /* Main.storyboard in Resources */,
			);
			runOnlyForDeploymentPostprocessing = 0;
		};
		2A12806529C3954C002ED4F3 /* Resources */ = {
			isa = PBXResourcesBuildPhase;
			buildActionMask = 2147483647;
			files = (
			);
			runOnlyForDeploymentPostprocessing = 0;
		};
		2A12806F29C3954C002ED4F3 /* Resources */ = {
			isa = PBXResourcesBuildPhase;
			buildActionMask = 2147483647;
			files = (
			);
			runOnlyForDeploymentPostprocessing = 0;
		};
/* End PBXResourcesBuildPhase section */

/* Begin PBXSourcesBuildPhase section */
		2A12804D29C3954B002ED4F3 /* Sources */ = {
			isa = PBXSourcesBuildPhase;
			buildActionMask = 2147483647;
			files = (
				2A12805529C3954B002ED4F3 /* AppDelegate.swift in Sources */,
				2A12805729C3954B002ED4F3 /* SceneDelegate.swift in Sources */,
				2A12808529C3C5B9002ED4F3 /* CounterVC.swift in Sources */,
			);
			runOnlyForDeploymentPostprocessing = 0;
		};
		2A12806329C3954C002ED4F3 /* Sources */ = {
			isa = PBXSourcesBuildPhase;
			buildActionMask = 2147483647;
			files = (
				2A12806C29C3954C002ED4F3 /* CounterTests.swift in Sources */,
			);
			runOnlyForDeploymentPostprocessing = 0;
		};
		2A12806D29C3954C002ED4F3 /* Sources */ = {
			isa = PBXSourcesBuildPhase;
			buildActionMask = 2147483647;
			files = (
				2A12807629C3954C002ED4F3 /* CounterUITests.swift in Sources */,
				2A12807829C3954C002ED4F3 /* CounterUITestsLaunchTests.swift in Sources */,
			);
			runOnlyForDeploymentPostprocessing = 0;
		};
/* End PBXSourcesBuildPhase section */

/* Begin PBXTargetDependency section */
		2A12806929C3954C002ED4F3 /* PBXTargetDependency */ = {
			isa = PBXTargetDependency;
			target = 2A12805029C3954B002ED4F3 /* Counter */;
			targetProxy = 2A12806829C3954C002ED4F3 /* PBXContainerItemProxy */;
		};
		2A12807329C3954C002ED4F3 /* PBXTargetDependency */ = {
			isa = PBXTargetDependency;
			target = 2A12805029C3954B002ED4F3 /* Counter */;
			targetProxy = 2A12807229C3954C002ED4F3 /* PBXContainerItemProxy */;
		};
/* End PBXTargetDependency section */

/* Begin PBXVariantGroup section */
		2A12805A29C3954B002ED4F3 /* Main.storyboard */ = {
			isa = PBXVariantGroup;
			children = (
				2A12805B29C3954B002ED4F3 /* Base */,
			);
			name = Main.storyboard;
			sourceTree = "<group>";
		};
		2A12805F29C3954B002ED4F3 /* LaunchScreen.storyboard */ = {
			isa = PBXVariantGroup;
			children = (
				2A12806029C3954B002ED4F3 /* Base */,
			);
			name = LaunchScreen.storyboard;
			sourceTree = "<group>";
		};
/* End PBXVariantGroup section */

/* Begin XCBuildConfiguration section */
		2A12807929C3954C002ED4F3 /* Debug */ = {
			isa = XCBuildConfiguration;
			buildSettings = {
				ALWAYS_SEARCH_USER_PATHS = NO;
				CLANG_ANALYZER_NONNULL = YES;
				CLANG_ANALYZER_NUMBER_OBJECT_CONVERSION = YES_AGGRESSIVE;
				CLANG_CXX_LANGUAGE_STANDARD = "gnu++20";
				CLANG_ENABLE_MODULES = YES;
				CLANG_ENABLE_OBJC_ARC = YES;
				CLANG_ENABLE_OBJC_WEAK = YES;
				CLANG_WARN_BLOCK_CAPTURE_AUTORELEASING = YES;
				CLANG_WARN_BOOL_CONVERSION = YES;
				CLANG_WARN_COMMA = YES;
				CLANG_WARN_CONSTANT_CONVERSION = YES;
				CLANG_WARN_DEPRECATED_OBJC_IMPLEMENTATIONS = YES;
				CLANG_WARN_DIRECT_OBJC_ISA_USAGE = YES_ERROR;
				CLANG_WARN_DOCUMENTATION_COMMENTS = YES;
				CLANG_WARN_EMPTY_BODY = YES;
				CLANG_WARN_ENUM_CONVERSION = YES;
				CLANG_WARN_INFINITE_RECURSION = YES;
				CLANG_WARN_INT_CONVERSION = YES;
				CLANG_WARN_NON_LITERAL_NULL_CONVERSION = YES;
				CLANG_WARN_OBJC_IMPLICIT_RETAIN_SELF = YES;
				CLANG_WARN_OBJC_LITERAL_CONVERSION = YES;
				CLANG_WARN_OBJC_ROOT_CLASS = YES_ERROR;
				CLANG_WARN_QUOTED_INCLUDE_IN_FRAMEWORK_HEADER = YES;
				CLANG_WARN_RANGE_LOOP_ANALYSIS = YES;
				CLANG_WARN_STRICT_PROTOTYPES = YES;
				CLANG_WARN_SUSPICIOUS_MOVE = YES;
				CLANG_WARN_UNGUARDED_AVAILABILITY = YES_AGGRESSIVE;
				CLANG_WARN_UNREACHABLE_CODE = YES;
				CLANG_WARN__DUPLICATE_METHOD_MATCH = YES;
				COPY_PHASE_STRIP = NO;
				DEBUG_INFORMATION_FORMAT = dwarf;
				ENABLE_STRICT_OBJC_MSGSEND = YES;
				ENABLE_TESTABILITY = YES;
				GCC_C_LANGUAGE_STANDARD = gnu11;
				GCC_DYNAMIC_NO_PIC = NO;
				GCC_NO_COMMON_BLOCKS = YES;
				GCC_OPTIMIZATION_LEVEL = 0;
				GCC_PREPROCESSOR_DEFINITIONS = (
					"DEBUG=1",
					"$(inherited)",
				);
				GCC_WARN_64_TO_32_BIT_CONVERSION = YES;
				GCC_WARN_ABOUT_RETURN_TYPE = YES_ERROR;
				GCC_WARN_UNDECLARED_SELECTOR = YES;
				GCC_WARN_UNINITIALIZED_AUTOS = YES_AGGRESSIVE;
				GCC_WARN_UNUSED_FUNCTION = YES;
				GCC_WARN_UNUSED_VARIABLE = YES;
				IPHONEOS_DEPLOYMENT_TARGET = 16.2;
				MTL_ENABLE_DEBUG_INFO = INCLUDE_SOURCE;
				MTL_FAST_MATH = YES;
				ONLY_ACTIVE_ARCH = YES;
				SDKROOT = iphoneos;
				SWIFT_ACTIVE_COMPILATION_CONDITIONS = DEBUG;
				SWIFT_OPTIMIZATION_LEVEL = "-Onone";
			};
			name = Debug;
		};
		2A12807A29C3954C002ED4F3 /* Release */ = {
			isa = XCBuildConfiguration;
			buildSettings = {
				ALWAYS_SEARCH_USER_PATHS = NO;
				CLANG_ANALYZER_NONNULL = YES;
				CLANG_ANALYZER_NUMBER_OBJECT_CONVERSION = YES_AGGRESSIVE;
				CLANG_CXX_LANGUAGE_STANDARD = "gnu++20";
				CLANG_ENABLE_MODULES = YES;
				CLANG_ENABLE_OBJC_ARC = YES;
				CLANG_ENABLE_OBJC_WEAK = YES;
				CLANG_WARN_BLOCK_CAPTURE_AUTORELEASING = YES;
				CLANG_WARN_BOOL_CONVERSION = YES;
				CLANG_WARN_COMMA = YES;
				CLANG_WARN_CONSTANT_CONVERSION = YES;
				CLANG_WARN_DEPRECATED_OBJC_IMPLEMENTATIONS = YES;
				CLANG_WARN_DIRECT_OBJC_ISA_USAGE = YES_ERROR;
				CLANG_WARN_DOCUMENTATION_COMMENTS = YES;
				CLANG_WARN_EMPTY_BODY = YES;
				CLANG_WARN_ENUM_CONVERSION = YES;
				CLANG_WARN_INFINITE_RECURSION = YES;
				CLANG_WARN_INT_CONVERSION = YES;
				CLANG_WARN_NON_LITERAL_NULL_CONVERSION = YES;
				CLANG_WARN_OBJC_IMPLICIT_RETAIN_SELF = YES;
				CLANG_WARN_OBJC_LITERAL_CONVERSION = YES;
				CLANG_WARN_OBJC_ROOT_CLASS = YES_ERROR;
				CLANG_WARN_QUOTED_INCLUDE_IN_FRAMEWORK_HEADER = YES;
				CLANG_WARN_RANGE_LOOP_ANALYSIS = YES;
				CLANG_WARN_STRICT_PROTOTYPES = YES;
				CLANG_WARN_SUSPICIOUS_MOVE = YES;
				CLANG_WARN_UNGUARDED_AVAILABILITY = YES_AGGRESSIVE;
				CLANG_WARN_UNREACHABLE_CODE = YES;
				CLANG_WARN__DUPLICATE_METHOD_MATCH = YES;
				COPY_PHASE_STRIP = NO;
				DEBUG_INFORMATION_FORMAT = "dwarf-with-dsym";
				ENABLE_NS_ASSERTIONS = NO;
				ENABLE_STRICT_OBJC_MSGSEND = YES;
				GCC_C_LANGUAGE_STANDARD = gnu11;
				GCC_NO_COMMON_BLOCKS = YES;
				GCC_WARN_64_TO_32_BIT_CONVERSION = YES;
				GCC_WARN_ABOUT_RETURN_TYPE = YES_ERROR;
				GCC_WARN_UNDECLARED_SELECTOR = YES;
				GCC_WARN_UNINITIALIZED_AUTOS = YES_AGGRESSIVE;
				GCC_WARN_UNUSED_FUNCTION = YES;
				GCC_WARN_UNUSED_VARIABLE = YES;
				IPHONEOS_DEPLOYMENT_TARGET = 16.2;
				MTL_ENABLE_DEBUG_INFO = NO;
				MTL_FAST_MATH = YES;
				SDKROOT = iphoneos;
				SWIFT_COMPILATION_MODE = wholemodule;
				SWIFT_OPTIMIZATION_LEVEL = "-O";
				VALIDATE_PRODUCT = YES;
			};
			name = Release;
		};
		2A12807C29C3954C002ED4F3 /* Debug */ = {
			isa = XCBuildConfiguration;
			buildSettings = {
				ASSETCATALOG_COMPILER_APPICON_NAME = AppIcon;
				ASSETCATALOG_COMPILER_GLOBAL_ACCENT_COLOR_NAME = AccentColor;
				CODE_SIGN_STYLE = Automatic;
				CURRENT_PROJECT_VERSION = 1;
				DEVELOPMENT_TEAM = TLSJ5SA5W3;
				GENERATE_INFOPLIST_FILE = YES;
				INFOPLIST_FILE = Counter/Info.plist;
				INFOPLIST_KEY_UIApplicationSupportsIndirectInputEvents = YES;
				INFOPLIST_KEY_UILaunchStoryboardName = LaunchScreen;
				INFOPLIST_KEY_UIMainStoryboardFile = Main;
				INFOPLIST_KEY_UISupportedInterfaceOrientations_iPad = "UIInterfaceOrientationPortrait UIInterfaceOrientationPortraitUpsideDown UIInterfaceOrientationLandscapeLeft UIInterfaceOrientationLandscapeRight";
				INFOPLIST_KEY_UISupportedInterfaceOrientations_iPhone = "UIInterfaceOrientationPortrait UIInterfaceOrientationLandscapeLeft UIInterfaceOrientationLandscapeRight";
				LD_RUNPATH_SEARCH_PATHS = (
					"$(inherited)",
					"@executable_path/Frameworks",
				);
				MARKETING_VERSION = 1.0;
				PRODUCT_BUNDLE_IDENTIFIER = test.Counter;
				PRODUCT_NAME = "$(TARGET_NAME)";
				SWIFT_EMIT_LOC_STRINGS = YES;
				SWIFT_VERSION = 5.0;
				TARGETED_DEVICE_FAMILY = "1,2";
			};
			name = Debug;
		};
		2A12807D29C3954C002ED4F3 /* Release */ = {
			isa = XCBuildConfiguration;
			buildSettings = {
				ASSETCATALOG_COMPILER_APPICON_NAME = AppIcon;
				ASSETCATALOG_COMPILER_GLOBAL_ACCENT_COLOR_NAME = AccentColor;
				CODE_SIGN_STYLE = Automatic;
				CURRENT_PROJECT_VERSION = 1;
				DEVELOPMENT_TEAM = TLSJ5SA5W3;
				GENERATE_INFOPLIST_FILE = YES;
				INFOPLIST_FILE = Counter/Info.plist;
				INFOPLIST_KEY_UIApplicationSupportsIndirectInputEvents = YES;
				INFOPLIST_KEY_UILaunchStoryboardName = LaunchScreen;
				INFOPLIST_KEY_UIMainStoryboardFile = Main;
				INFOPLIST_KEY_UISupportedInterfaceOrientations_iPad = "UIInterfaceOrientationPortrait UIInterfaceOrientationPortraitUpsideDown UIInterfaceOrientationLandscapeLeft UIInterfaceOrientationLandscapeRight";
				INFOPLIST_KEY_UISupportedInterfaceOrientations_iPhone = "UIInterfaceOrientationPortrait UIInterfaceOrientationLandscapeLeft UIInterfaceOrientationLandscapeRight";
				LD_RUNPATH_SEARCH_PATHS = (
					"$(inherited)",
					"@executable_path/Frameworks",
				);
				MARKETING_VERSION = 1.0;
				PRODUCT_BUNDLE_IDENTIFIER = test.Counter;
				PRODUCT_NAME = "$(TARGET_NAME)";
				SWIFT_EMIT_LOC_STRINGS = YES;
				SWIFT_VERSION = 5.0;
				TARGETED_DEVICE_FAMILY = "1,2";
			};
			name = Release;
		};
		2A12807F29C3954C002ED4F3 /* Debug */ = {
			isa = XCBuildConfiguration;
			buildSettings = {
				ALWAYS_EMBED_SWIFT_STANDARD_LIBRARIES = YES;
				BUNDLE_LOADER = "$(TEST_HOST)";
				CODE_SIGN_STYLE = Automatic;
				CURRENT_PROJECT_VERSION = 1;
				DEVELOPMENT_TEAM = TLSJ5SA5W3;
				GENERATE_INFOPLIST_FILE = YES;
				IPHONEOS_DEPLOYMENT_TARGET = 16.2;
				MARKETING_VERSION = 1.0;
				PRODUCT_BUNDLE_IDENTIFIER = test.CounterTests;
				PRODUCT_NAME = "$(TARGET_NAME)";
				SWIFT_EMIT_LOC_STRINGS = NO;
				SWIFT_VERSION = 5.0;
				TARGETED_DEVICE_FAMILY = "1,2";
				TEST_HOST = "$(BUILT_PRODUCTS_DIR)/Counter.app/$(BUNDLE_EXECUTABLE_FOLDER_PATH)/Counter";
			};
			name = Debug;
		};
		2A12808029C3954C002ED4F3 /* Release */ = {
			isa = XCBuildConfiguration;
			buildSettings = {
				ALWAYS_EMBED_SWIFT_STANDARD_LIBRARIES = YES;
				BUNDLE_LOADER = "$(TEST_HOST)";
				CODE_SIGN_STYLE = Automatic;
				CURRENT_PROJECT_VERSION = 1;
				DEVELOPMENT_TEAM = TLSJ5SA5W3;
				GENERATE_INFOPLIST_FILE = YES;
				IPHONEOS_DEPLOYMENT_TARGET = 16.2;
				MARKETING_VERSION = 1.0;
				PRODUCT_BUNDLE_IDENTIFIER = test.CounterTests;
				PRODUCT_NAME = "$(TARGET_NAME)";
				SWIFT_EMIT_LOC_STRINGS = NO;
				SWIFT_VERSION = 5.0;
				TARGETED_DEVICE_FAMILY = "1,2";
				TEST_HOST = "$(BUILT_PRODUCTS_DIR)/Counter.app/$(BUNDLE_EXECUTABLE_FOLDER_PATH)/Counter";
			};
			name = Release;
		};
		2A12808229C3954C002ED4F3 /* Debug */ = {
			isa = XCBuildConfiguration;
			buildSettings = {
				ALWAYS_EMBED_SWIFT_STANDARD_LIBRARIES = YES;
				CODE_SIGN_STYLE = Automatic;
				CURRENT_PROJECT_VERSION = 1;
				DEVELOPMENT_TEAM = TLSJ5SA5W3;
				GENERATE_INFOPLIST_FILE = YES;
				MARKETING_VERSION = 1.0;
				PRODUCT_BUNDLE_IDENTIFIER = test.CounterUITests;
				PRODUCT_NAME = "$(TARGET_NAME)";
				SWIFT_EMIT_LOC_STRINGS = NO;
				SWIFT_VERSION = 5.0;
				TARGETED_DEVICE_FAMILY = "1,2";
				TEST_TARGET_NAME = Counter;
			};
			name = Debug;
		};
		2A12808329C3954C002ED4F3 /* Release */ = {
			isa = XCBuildConfiguration;
			buildSettings = {
				ALWAYS_EMBED_SWIFT_STANDARD_LIBRARIES = YES;
				CODE_SIGN_STYLE = Automatic;
				CURRENT_PROJECT_VERSION = 1;
				DEVELOPMENT_TEAM = TLSJ5SA5W3;
				GENERATE_INFOPLIST_FILE = YES;
				MARKETING_VERSION = 1.0;
				PRODUCT_BUNDLE_IDENTIFIER = test.CounterUITests;
				PRODUCT_NAME = "$(TARGET_NAME)";
				SWIFT_EMIT_LOC_STRINGS = NO;
				SWIFT_VERSION = 5.0;
				TARGETED_DEVICE_FAMILY = "1,2";
				TEST_TARGET_NAME = Counter;
			};
			name = Release;
		};
/* End XCBuildConfiguration section */

/* Begin XCConfigurationList section */
		2A12804C29C3954A002ED4F3 /* Build configuration list for PBXProject "Counter" */ = {
			isa = XCConfigurationList;
			buildConfigurations = (
				2A12807929C3954C002ED4F3 /* Debug */,
				2A12807A29C3954C002ED4F3 /* Release */,
			);
			defaultConfigurationIsVisible = 0;
			defaultConfigurationName = Release;
		};
		2A12807B29C3954C002ED4F3 /* Build configuration list for PBXNativeTarget "Counter" */ = {
			isa = XCConfigurationList;
			buildConfigurations = (
				2A12807C29C3954C002ED4F3 /* Debug */,
				2A12807D29C3954C002ED4F3 /* Release */,
			);
			defaultConfigurationIsVisible = 0;
			defaultConfigurationName = Release;
		};
		2A12807E29C3954C002ED4F3 /* Build configuration list for PBXNativeTarget "CounterTests" */ = {
			isa = XCConfigurationList;
			buildConfigurations = (
				2A12807F29C3954C002ED4F3 /* Debug */,
				2A12808029C3954C002ED4F3 /* Release */,
			);
			defaultConfigurationIsVisible = 0;
			defaultConfigurationName = Release;
		};
		2A12808129C3954C002ED4F3 /* Build configuration list for PBXNativeTarget "CounterUITests" */ = {
			isa = XCConfigurationList;
			buildConfigurations = (
				2A12808229C3954C002ED4F3 /* Debug */,
				2A12808329C3954C002ED4F3 /* Release */,
			);
			defaultConfigurationIsVisible = 0;
			defaultConfigurationName = Release;
		};
/* End XCConfigurationList section */
	};
	rootObject = 2A12804929C3954A002ED4F3 /* Project object */;
}
